Microsoft Visual Studio Solution File, Format Version 12.00
# Visual Studio Version 17
VisualStudioVersion = 17.5.2.0
MinimumVisualStudioVersion = 10.0.40219.1
Project("{FAE04EC0-301F-11D3-BF4B-00C04F79EFBC}") = "EfFuncCallSK", "EfFuncCallSK.csproj", "{F2B75E46-78BB-6574-CB6E-D7C96B6592C6}"
EndProject
Global
	GlobalSection(SolutionConfigurationPlatforms) = preSolution
		Debug|Any CPU = Debug|Any CPU
		Release|Any CPU = Release|Any CPU
	EndGlobalSection
	GlobalSection(ProjectConfigurationPlatforms) = postSolution
		{F2B75E46-78BB-6574-CB6E-D7C96B6592C6}.Debug|Any CPU.ActiveCfg = Debug|Any CPU
		{F2B75E46-78BB-6574-CB6E-D7C96B6592C6}.Debug|Any CPU.Build.0 = Debug|Any CPU
		{F2B75E46-78BB-6574-CB6E-D7C96B6592C6}.Release|Any CPU.ActiveCfg = Release|Any CPU
		{F2B75E46-78BB-6574-CB6E-D7C96B6592C6}.Release|Any CPU.Build.0 = Release|Any CPU
	EndGlobalSection
	GlobalSection(SolutionProperties) = preSolution
		HideSolutionNode = FALSE
	EndGlobalSection
	GlobalSection(ExtensibilityGlobals) = postSolution
		SolutionGuid = {B6CA1955-9DAA-4405-B57F-40D2CED6C214}
	EndGlobalSection
EndGlobal
